
Microsoft Visual Studio Solution File, Format Version 11.00
# Visual Studio 2010
Project("{FAE04EC0-301F-11D3-BF4B-00C04F79EFBC}") = "ApiApprover", "ApiApprover\ApiApprover.csproj", "{75D25110-B0C7-4BCD-9B28-0679DD036C43}"
EndProject
Global
	GlobalSection(SolutionConfigurationPlatforms) = preSolution
		Debug|Any CPU = Debug|Any CPU
		Release|Any CPU = Release|Any CPU
	EndGlobalSection
	GlobalSection(ProjectConfigurationPlatforms) = postSolution
		{75D25110-B0C7-4BCD-9B28-0679DD036C43}.Debug|Any CPU.ActiveCfg = Debug|Any CPU
		{75D25110-B0C7-4BCD-9B28-0679DD036C43}.Debug|Any CPU.Build.0 = Debug|Any CPU
		{75D25110-B0C7-4BCD-9B28-0679DD036C43}.Release|Any CPU.ActiveCfg = Release|Any CPU
		{75D25110-B0C7-4BCD-9B28-0679DD036C43}.Release|Any CPU.Build.0 = Release|Any CPU
	EndGlobalSection
	GlobalSection(SolutionProperties) = preSolution
		HideSolutionNode = FALSE
	EndGlobalSection
EndGlobal
