
Microsoft Visual Studio Solution File, Format Version 12.00
# Visual Studio 2013
VisualStudioVersion = 12.0.20623.1 VSUPREVIEW
MinimumVisualStudioVersion = 10.0.40219.1
Project("{FAE04EC0-301F-11D3-BF4B-00C04F79EFBC}") = "ApiApprover", "ApiApprover\ApiApprover.csproj", "{75D25110-B0C7-4BCD-9B28-0679DD036C43}"
EndProject
Project("{FAE04EC0-301F-11D3-BF4B-00C04F79EFBC}") = "ApiApproverTests", "ApiApproverTests\ApiApproverTests.csproj", "{3D33D60B-860D-4706-ABA3-11F485FB0C6F}"
EndProject
Global
	GlobalSection(SolutionConfigurationPlatforms) = preSolution
		Debug|Any CPU = Debug|Any CPU
		Release|Any CPU = Release|Any CPU
	EndGlobalSection
	GlobalSection(ProjectConfigurationPlatforms) = postSolution
		{75D25110-B0C7-4BCD-9B28-0679DD036C43}.Debug|Any CPU.ActiveCfg = Debug|Any CPU
		{75D25110-B0C7-4BCD-9B28-0679DD036C43}.Debug|Any CPU.Build.0 = Debug|Any CPU
		{75D25110-B0C7-4BCD-9B28-0679DD036C43}.Release|Any CPU.ActiveCfg = Release|Any CPU
		{75D25110-B0C7-4BCD-9B28-0679DD036C43}.Release|Any CPU.Build.0 = Release|Any CPU
		{3D33D60B-860D-4706-ABA3-11F485FB0C6F}.Debug|Any CPU.ActiveCfg = Debug|Any CPU
		{3D33D60B-860D-4706-ABA3-11F485FB0C6F}.Debug|Any CPU.Build.0 = Debug|Any CPU
		{3D33D60B-860D-4706-ABA3-11F485FB0C6F}.Release|Any CPU.ActiveCfg = Release|Any CPU
		{3D33D60B-860D-4706-ABA3-11F485FB0C6F}.Release|Any CPU.Build.0 = Release|Any CPU
	EndGlobalSection
	GlobalSection(SolutionProperties) = preSolution
		HideSolutionNode = FALSE
	EndGlobalSection
EndGlobal
