
Microsoft Visual Studio Solution File, Format Version 12.00
# Visual Studio Version 17
VisualStudioVersion = 17.4.33110.190
MinimumVisualStudioVersion = 10.0.40219.1
Project("{9A19103F-16F7-4668-BE54-9A1E7A4F7556}") = "PublicApiGeneratorTests", "PublicApiGeneratorTests\PublicApiGeneratorTests.csproj", "{3D33D60B-860D-4706-ABA3-11F485FB0C6F}"
EndProject
Project("{9A19103F-16F7-4668-BE54-9A1E7A4F7556}") = "PublicApiGenerator", "PublicApiGenerator\PublicApiGenerator.csproj", "{18D13F6D-7AFF-4E23-9905-6AF5F55F8852}"
EndProject
Project("{2150E333-8FDC-42A3-9474-1A3956D46DE8}") = "Solution Items", "Solution Items", "{52361C5B-F247-42C5-8455-BD1DEDB5C903}"
	ProjectSection(SolutionItems) = preProject
		..\.editorconfig = ..\.editorconfig
		..\.gitattributes = ..\.gitattributes
		..\.gitignore = ..\.gitignore
		..\.github\workflows\ci.yml = ..\.github\workflows\ci.yml
		..\.github\dependabot.yml = ..\.github\dependabot.yml
		Directory.Build.props = Directory.Build.props
		Directory.Build.targets = Directory.Build.targets
		..\LICENSE = ..\LICENSE
		PublicApiGenerator.snk = PublicApiGenerator.snk
		..\README.md = ..\README.md
	EndProjectSection
EndProject
Project("{9A19103F-16F7-4668-BE54-9A1E7A4F7556}") = "PublicApiGenerator.Tool", "PublicApiGenerator.Tool\PublicApiGenerator.Tool.csproj", "{EDD62C2E-4CCC-4069-8450-85514810008E}"
EndProject
Global
	GlobalSection(SolutionConfigurationPlatforms) = preSolution
		Debug|Any CPU = Debug|Any CPU
		Release|Any CPU = Release|Any CPU
	EndGlobalSection
	GlobalSection(ProjectConfigurationPlatforms) = postSolution
		{3D33D60B-860D-4706-ABA3-11F485FB0C6F}.Debug|Any CPU.ActiveCfg = Debug|Any CPU
		{3D33D60B-860D-4706-ABA3-11F485FB0C6F}.Debug|Any CPU.Build.0 = Debug|Any CPU
		{3D33D60B-860D-4706-ABA3-11F485FB0C6F}.Release|Any CPU.ActiveCfg = Release|Any CPU
		{3D33D60B-860D-4706-ABA3-11F485FB0C6F}.Release|Any CPU.Build.0 = Release|Any CPU
		{18D13F6D-7AFF-4E23-9905-6AF5F55F8852}.Debug|Any CPU.ActiveCfg = Debug|Any CPU
		{18D13F6D-7AFF-4E23-9905-6AF5F55F8852}.Debug|Any CPU.Build.0 = Debug|Any CPU
		{18D13F6D-7AFF-4E23-9905-6AF5F55F8852}.Release|Any CPU.ActiveCfg = Release|Any CPU
		{18D13F6D-7AFF-4E23-9905-6AF5F55F8852}.Release|Any CPU.Build.0 = Release|Any CPU
		{EDD62C2E-4CCC-4069-8450-85514810008E}.Debug|Any CPU.ActiveCfg = Debug|Any CPU
		{EDD62C2E-4CCC-4069-8450-85514810008E}.Debug|Any CPU.Build.0 = Debug|Any CPU
		{EDD62C2E-4CCC-4069-8450-85514810008E}.Release|Any CPU.ActiveCfg = Release|Any CPU
		{EDD62C2E-4CCC-4069-8450-85514810008E}.Release|Any CPU.Build.0 = Release|Any CPU
	EndGlobalSection
	GlobalSection(SolutionProperties) = preSolution
		HideSolutionNode = FALSE
	EndGlobalSection
	GlobalSection(ExtensibilityGlobals) = postSolution
		SolutionGuid = {897E3421-9C9A-4E5B-B816-164C2D897BCB}
	EndGlobalSection
EndGlobal
